
Microsoft Visual Studio Solution File, Format Version 12.00
# Visual Studio Version 17
VisualStudioVersion = 17.0.31903.59
MinimumVisualStudioVersion = 10.0.40219.1
Project("{FAE04EC0-301F-11D3-BF4B-00C04F79EFBC}") = "Core", "Core\Core.csproj", "{E7C34ECB-A98E-4BA6-BBE6-4AAA2E1EDBC7}"
EndProject
Project("{FAE04EC0-301F-11D3-BF4B-00C04F79EFBC}") = "Infrastructure", "Infrastructure\Infrastructure.csproj", "{134D8B4F-45B8-4A73-B64F-90F1C00F4F65}"
EndProject
Project("{FAE04EC0-301F-11D3-BF4B-00C04F79EFBC}") = "APi", "API\APi.csproj", "{DC2BAF98-25FA-4AB0-BA94-B4DC8AA258E6}"
EndProject
Global
	GlobalSection(SolutionConfigurationPlatforms) = preSolution
		Debug|Any CPU = Debug|Any CPU
		Release|Any CPU = Release|Any CPU
	EndGlobalSection
	GlobalSection(ProjectConfigurationPlatforms) = postSolution
		{E7C34ECB-A98E-4BA6-BBE6-4AAA2E1EDBC7}.Debug|Any CPU.ActiveCfg = Debug|Any CPU
		{E7C34ECB-A98E-4BA6-BBE6-4AAA2E1EDBC7}.Debug|Any CPU.Build.0 = Debug|Any CPU
		{E7C34ECB-A98E-4BA6-BBE6-4AAA2E1EDBC7}.Release|Any CPU.ActiveCfg = Release|Any CPU
		{E7C34ECB-A98E-4BA6-BBE6-4AAA2E1EDBC7}.Release|Any CPU.Build.0 = Release|Any CPU
		{134D8B4F-45B8-4A73-B64F-90F1C00F4F65}.Debug|Any CPU.ActiveCfg = Debug|Any CPU
		{134D8B4F-45B8-4A73-B64F-90F1C00F4F65}.Debug|Any CPU.Build.0 = Debug|Any CPU
		{134D8B4F-45B8-4A73-B64F-90F1C00F4F65}.Release|Any CPU.ActiveCfg = Release|Any CPU
		{134D8B4F-45B8-4A73-B64F-90F1C00F4F65}.Release|Any CPU.Build.0 = Release|Any CPU
		{DC2BAF98-25FA-4AB0-BA94-B4DC8AA258E6}.Debug|Any CPU.ActiveCfg = Debug|Any CPU
		{DC2BAF98-25FA-4AB0-BA94-B4DC8AA258E6}.Debug|Any CPU.Build.0 = Debug|Any CPU
		{DC2BAF98-25FA-4AB0-BA94-B4DC8AA258E6}.Release|Any CPU.ActiveCfg = Release|Any CPU
		{DC2BAF98-25FA-4AB0-BA94-B4DC8AA258E6}.Release|Any CPU.Build.0 = Release|Any CPU
	EndGlobalSection
	GlobalSection(SolutionProperties) = preSolution
		HideSolutionNode = FALSE
	EndGlobalSection
EndGlobal
